
Microsoft Visual Studio Solution File, Format Version 12.00
# Visual Studio Version 16
VisualStudioVersion = 16.0.29009.5
MinimumVisualStudioVersion = 10.0.40219.1
Project("{2150E333-8FDC-42A3-9474-1A3956D46DE8}") = "test", "test", "{BCFAA226-E159-4D1D-90FE-0B18F79A7CBD}"
EndProject
Project("{9A19103F-16F7-4668-BE54-9A1E7A4F7556}") = "Cake.Electron.Net", "src\Cake.Electron.Net\Cake.Electron.Net.csproj", "{FC252AB6-0BD8-4E2C-B846-BB52F8B698D1}"
EndProject
Project("{9A19103F-16F7-4668-BE54-9A1E7A4F7556}") = "Cake.Electron.Net.Tests", "tests\Cake.Electron.Net.Tests\Cake.Electron.Net.Tests.csproj", "{432632D4-BCA3-4925-AC59-1A84930DAB22}"
EndProject
Project("{2150E333-8FDC-42A3-9474-1A3956D46DE8}") = "build", "build", "{BC2844A9-6CAA-420C-B49C-54E8B8E39DB0}"
	ProjectSection(SolutionItems) = preProject
		.travis.yml = .travis.yml
		appveyor.yml = appveyor.yml
		build\azure-pipelines.artifact.yml = build\azure-pipelines.artifact.yml
		build\azure-pipelines.macos.yml = build\azure-pipelines.macos.yml
		build\azure-pipelines.ubuntu.yml = build\azure-pipelines.ubuntu.yml
		build\azure-pipelines.windows.yml = build\azure-pipelines.windows.yml
		build.cake = build.cake
		build.ps1 = build.ps1
		build.sh = build.sh
		cake.config = cake.config
	EndProjectSection
EndProject
Project("{2150E333-8FDC-42A3-9474-1A3956D46DE8}") = "Solution Items", "Solution Items", "{3C7D4326-B0CC-4FAD-8AE0-5027B7324E0C}"
	ProjectSection(SolutionItems) = preProject
		CONTRIBUTING.md = CONTRIBUTING.md
		LICENSE = LICENSE
		README.md = README.md
	EndProjectSection
EndProject
Project("{2150E333-8FDC-42A3-9474-1A3956D46DE8}") = "src", "src", "{8F44E6E1-421E-4BE6-9F97-70D104272B9A}"
EndProject
Global
	GlobalSection(SolutionConfigurationPlatforms) = preSolution
		Debug|Any CPU = Debug|Any CPU
		Release|Any CPU = Release|Any CPU
	EndGlobalSection
	GlobalSection(ProjectConfigurationPlatforms) = postSolution
		{FC252AB6-0BD8-4E2C-B846-BB52F8B698D1}.Debug|Any CPU.ActiveCfg = Debug|Any CPU
		{FC252AB6-0BD8-4E2C-B846-BB52F8B698D1}.Debug|Any CPU.Build.0 = Debug|Any CPU
		{FC252AB6-0BD8-4E2C-B846-BB52F8B698D1}.Release|Any CPU.ActiveCfg = Release|Any CPU
		{FC252AB6-0BD8-4E2C-B846-BB52F8B698D1}.Release|Any CPU.Build.0 = Release|Any CPU
		{432632D4-BCA3-4925-AC59-1A84930DAB22}.Debug|Any CPU.ActiveCfg = Debug|Any CPU
		{432632D4-BCA3-4925-AC59-1A84930DAB22}.Debug|Any CPU.Build.0 = Debug|Any CPU
		{432632D4-BCA3-4925-AC59-1A84930DAB22}.Release|Any CPU.ActiveCfg = Release|Any CPU
		{432632D4-BCA3-4925-AC59-1A84930DAB22}.Release|Any CPU.Build.0 = Release|Any CPU
	EndGlobalSection
	GlobalSection(SolutionProperties) = preSolution
		HideSolutionNode = FALSE
	EndGlobalSection
	GlobalSection(NestedProjects) = preSolution
		{FC252AB6-0BD8-4E2C-B846-BB52F8B698D1} = {8F44E6E1-421E-4BE6-9F97-70D104272B9A}
		{432632D4-BCA3-4925-AC59-1A84930DAB22} = {BCFAA226-E159-4D1D-90FE-0B18F79A7CBD}
	EndGlobalSection
	GlobalSection(ExtensibilityGlobals) = postSolution
		SolutionGuid = {7706A410-AA79-4FFC-BEAC-8B0B8E360ADF}
	EndGlobalSection
EndGlobal
