
Microsoft Visual Studio Solution File, Format Version 12.00
# Visual Studio 15
VisualStudioVersion = 15.0.27703.2026
MinimumVisualStudioVersion = 10.0.40219.1
Project("{9A19103F-16F7-4668-BE54-9A1E7A4F7556}") = "Cake.Electron.Net", "Cake.Electron.Net\Cake.Electron.Net.csproj", "{19CEC9E0-110D-47CA-A5E9-921558B7AAB6}"
EndProject
Project("{2150E333-8FDC-42A3-9474-1A3956D46DE8}") = "Test", "Test", "{BCFAA226-E159-4D1D-90FE-0B18F79A7CBD}"
EndProject
Project("{FAE04EC0-301F-11D3-BF4B-00C04F79EFBC}") = "Cake.Electron.Net.Tests", "Tests\Cake.Electron.Net.Tests\Cake.Electron.Net.Tests.csproj", "{A1A44139-AFB9-4C5F-BE33-A2710831B190}"
EndProject
Global
	GlobalSection(SolutionConfigurationPlatforms) = preSolution
		Debug|Any CPU = Debug|Any CPU
		Release|Any CPU = Release|Any CPU
	EndGlobalSection
	GlobalSection(ProjectConfigurationPlatforms) = postSolution
		{19CEC9E0-110D-47CA-A5E9-921558B7AAB6}.Debug|Any CPU.ActiveCfg = Debug|Any CPU
		{19CEC9E0-110D-47CA-A5E9-921558B7AAB6}.Debug|Any CPU.Build.0 = Debug|Any CPU
		{19CEC9E0-110D-47CA-A5E9-921558B7AAB6}.Release|Any CPU.ActiveCfg = Release|Any CPU
		{19CEC9E0-110D-47CA-A5E9-921558B7AAB6}.Release|Any CPU.Build.0 = Release|Any CPU
		{A1A44139-AFB9-4C5F-BE33-A2710831B190}.Debug|Any CPU.ActiveCfg = Debug|Any CPU
		{A1A44139-AFB9-4C5F-BE33-A2710831B190}.Debug|Any CPU.Build.0 = Debug|Any CPU
		{A1A44139-AFB9-4C5F-BE33-A2710831B190}.Release|Any CPU.ActiveCfg = Release|Any CPU
		{A1A44139-AFB9-4C5F-BE33-A2710831B190}.Release|Any CPU.Build.0 = Release|Any CPU
	EndGlobalSection
	GlobalSection(SolutionProperties) = preSolution
		HideSolutionNode = FALSE
	EndGlobalSection
	GlobalSection(NestedProjects) = preSolution
		{A1A44139-AFB9-4C5F-BE33-A2710831B190} = {BCFAA226-E159-4D1D-90FE-0B18F79A7CBD}
	EndGlobalSection
	GlobalSection(ExtensibilityGlobals) = postSolution
		SolutionGuid = {7706A410-AA79-4FFC-BEAC-8B0B8E360ADF}
	EndGlobalSection
EndGlobal
